
Microsoft Visual Studio Solution File, Format Version 12.00
# Visual Studio Version 17
VisualStudioVersion = 17.5.33516.290
MinimumVisualStudioVersion = 10.0.40219.1
Project("{FAE04EC0-301F-11D3-BF4B-00C04F79EFBC}") = "RottenUI.Android", "RottenUI\RottenUI.Android\RottenUI.Android.csproj", "{7583326F-413B-4BC7-8EB1-5A859CC1E08C}"
EndProject
Project("{FAE04EC0-301F-11D3-BF4B-00C04F79EFBC}") = "RottenUI.iOS", "RottenUI\RottenUI.iOS\RottenUI.iOS.csproj", "{C31093DC-62AD-4071-B397-656673E4C590}"
EndProject
Project("{FAE04EC0-301F-11D3-BF4B-00C04F79EFBC}") = "RottenUI", "RottenUI\RottenUI\RottenUI.csproj", "{762D7564-3E4A-4E67-AD2F-11C9D141A06B}"
EndProject
Global
	GlobalSection(SolutionConfigurationPlatforms) = preSolution
		Debug|Any CPU = Debug|Any CPU
		Debug|iPhone = Debug|iPhone
		Debug|iPhoneSimulator = Debug|iPhoneSimulator
		Release|Any CPU = Release|Any CPU
		Release|iPhone = Release|iPhone
		Release|iPhoneSimulator = Release|iPhoneSimulator
	EndGlobalSection
	GlobalSection(ProjectConfigurationPlatforms) = postSolution
		{7583326F-413B-4BC7-8EB1-5A859CC1E08C}.Debug|Any CPU.ActiveCfg = Debug|Any CPU
		{7583326F-413B-4BC7-8EB1-5A859CC1E08C}.Debug|Any CPU.Build.0 = Debug|Any CPU
		{7583326F-413B-4BC7-8EB1-5A859CC1E08C}.Debug|Any CPU.Deploy.0 = Debug|Any CPU
		{7583326F-413B-4BC7-8EB1-5A859CC1E08C}.Debug|iPhone.ActiveCfg = Debug|Any CPU
		{7583326F-413B-4BC7-8EB1-5A859CC1E08C}.Debug|iPhone.Build.0 = Debug|Any CPU
		{7583326F-413B-4BC7-8EB1-5A859CC1E08C}.Debug|iPhone.Deploy.0 = Debug|Any CPU
		{7583326F-413B-4BC7-8EB1-5A859CC1E08C}.Debug|iPhoneSimulator.ActiveCfg = Debug|Any CPU
		{7583326F-413B-4BC7-8EB1-5A859CC1E08C}.Debug|iPhoneSimulator.Build.0 = Debug|Any CPU
		{7583326F-413B-4BC7-8EB1-5A859CC1E08C}.Debug|iPhoneSimulator.Deploy.0 = Debug|Any CPU
		{7583326F-413B-4BC7-8EB1-5A859CC1E08C}.Release|Any CPU.ActiveCfg = Release|Any CPU
		{7583326F-413B-4BC7-8EB1-5A859CC1E08C}.Release|Any CPU.Build.0 = Release|Any CPU
		{7583326F-413B-4BC7-8EB1-5A859CC1E08C}.Release|Any CPU.Deploy.0 = Release|Any CPU
		{7583326F-413B-4BC7-8EB1-5A859CC1E08C}.Release|iPhone.ActiveCfg = Release|Any CPU
		{7583326F-413B-4BC7-8EB1-5A859CC1E08C}.Release|iPhone.Build.0 = Release|Any CPU
		{7583326F-413B-4BC7-8EB1-5A859CC1E08C}.Release|iPhone.Deploy.0 = Release|Any CPU
		{7583326F-413B-4BC7-8EB1-5A859CC1E08C}.Release|iPhoneSimulator.ActiveCfg = Release|Any CPU
		{7583326F-413B-4BC7-8EB1-5A859CC1E08C}.Release|iPhoneSimulator.Build.0 = Release|Any CPU
		{7583326F-413B-4BC7-8EB1-5A859CC1E08C}.Release|iPhoneSimulator.Deploy.0 = Release|Any CPU
		{C31093DC-62AD-4071-B397-656673E4C590}.Debug|Any CPU.ActiveCfg = Debug|iPhone
		{C31093DC-62AD-4071-B397-656673E4C590}.Debug|Any CPU.Build.0 = Debug|iPhone
		{C31093DC-62AD-4071-B397-656673E4C590}.Debug|Any CPU.Deploy.0 = Debug|iPhone
		{C31093DC-62AD-4071-B397-656673E4C590}.Debug|iPhone.ActiveCfg = Debug|iPhone
		{C31093DC-62AD-4071-B397-656673E4C590}.Debug|iPhone.Build.0 = Debug|iPhone
		{C31093DC-62AD-4071-B397-656673E4C590}.Debug|iPhone.Deploy.0 = Debug|iPhone
		{C31093DC-62AD-4071-B397-656673E4C590}.Debug|iPhoneSimulator.ActiveCfg = Debug|iPhoneSimulator
		{C31093DC-62AD-4071-B397-656673E4C590}.Debug|iPhoneSimulator.Build.0 = Debug|iPhoneSimulator
		{C31093DC-62AD-4071-B397-656673E4C590}.Debug|iPhoneSimulator.Deploy.0 = Debug|iPhoneSimulator
		{C31093DC-62AD-4071-B397-656673E4C590}.Release|Any CPU.ActiveCfg = Release|iPhoneSimulator
		{C31093DC-62AD-4071-B397-656673E4C590}.Release|Any CPU.Build.0 = Release|iPhoneSimulator
		{C31093DC-62AD-4071-B397-656673E4C590}.Release|Any CPU.Deploy.0 = Release|iPhoneSimulator
		{C31093DC-62AD-4071-B397-656673E4C590}.Release|iPhone.ActiveCfg = Release|iPhone
		{C31093DC-62AD-4071-B397-656673E4C590}.Release|iPhone.Build.0 = Release|iPhone
		{C31093DC-62AD-4071-B397-656673E4C590}.Release|iPhone.Deploy.0 = Release|iPhone
		{C31093DC-62AD-4071-B397-656673E4C590}.Release|iPhoneSimulator.ActiveCfg = Release|iPhoneSimulator
		{C31093DC-62AD-4071-B397-656673E4C590}.Release|iPhoneSimulator.Build.0 = Release|iPhoneSimulator
		{C31093DC-62AD-4071-B397-656673E4C590}.Release|iPhoneSimulator.Deploy.0 = Release|iPhoneSimulator
		{762D7564-3E4A-4E67-AD2F-11C9D141A06B}.Debug|Any CPU.ActiveCfg = Debug|Any CPU
		{762D7564-3E4A-4E67-AD2F-11C9D141A06B}.Debug|Any CPU.Build.0 = Debug|Any CPU
		{762D7564-3E4A-4E67-AD2F-11C9D141A06B}.Debug|Any CPU.Deploy.0 = Debug|Any CPU
		{762D7564-3E4A-4E67-AD2F-11C9D141A06B}.Debug|iPhone.ActiveCfg = Debug|Any CPU
		{762D7564-3E4A-4E67-AD2F-11C9D141A06B}.Debug|iPhone.Build.0 = Debug|Any CPU
		{762D7564-3E4A-4E67-AD2F-11C9D141A06B}.Debug|iPhone.Deploy.0 = Debug|Any CPU
		{762D7564-3E4A-4E67-AD2F-11C9D141A06B}.Debug|iPhoneSimulator.ActiveCfg = Debug|Any CPU
		{762D7564-3E4A-4E67-AD2F-11C9D141A06B}.Debug|iPhoneSimulator.Build.0 = Debug|Any CPU
		{762D7564-3E4A-4E67-AD2F-11C9D141A06B}.Debug|iPhoneSimulator.Deploy.0 = Debug|Any CPU
		{762D7564-3E4A-4E67-AD2F-11C9D141A06B}.Release|Any CPU.ActiveCfg = Release|Any CPU
		{762D7564-3E4A-4E67-AD2F-11C9D141A06B}.Release|Any CPU.Build.0 = Release|Any CPU
		{762D7564-3E4A-4E67-AD2F-11C9D141A06B}.Release|Any CPU.Deploy.0 = Release|Any CPU
		{762D7564-3E4A-4E67-AD2F-11C9D141A06B}.Release|iPhone.ActiveCfg = Release|Any CPU
		{762D7564-3E4A-4E67-AD2F-11C9D141A06B}.Release|iPhone.Build.0 = Release|Any CPU
		{762D7564-3E4A-4E67-AD2F-11C9D141A06B}.Release|iPhone.Deploy.0 = Release|Any CPU
		{762D7564-3E4A-4E67-AD2F-11C9D141A06B}.Release|iPhoneSimulator.ActiveCfg = Release|Any CPU
		{762D7564-3E4A-4E67-AD2F-11C9D141A06B}.Release|iPhoneSimulator.Build.0 = Release|Any CPU
		{762D7564-3E4A-4E67-AD2F-11C9D141A06B}.Release|iPhoneSimulator.Deploy.0 = Release|Any CPU
	EndGlobalSection
	GlobalSection(SolutionProperties) = preSolution
		HideSolutionNode = FALSE
	EndGlobalSection
	GlobalSection(ExtensibilityGlobals) = postSolution
		SolutionGuid = {FA930236-6868-4C43-AD06-24007E6DBBCF}
	EndGlobalSection
EndGlobal
